
Microsoft Visual Studio Solution File, Format Version 12.00
# Visual Studio Version 16
VisualStudioVersion = 16.0.28803.156
MinimumVisualStudioVersion = 10.0.40219.1
Project("{8BC9CEB8-8B4A-11D0-8D11-00A0C91BC942}") = "Towers of Hanoi", "Towers of Hanoi.vcxproj", "{A8FB2AE3-4E05-4C03-9E8E-7CC438C36748}"
EndProject
Global
	GlobalSection(SolutionConfigurationPlatforms) = preSolution
		Debug|x64 = Debug|x64
		Debug|x86 = Debug|x86
		Release|x64 = Release|x64
		Release|x86 = Release|x86
	EndGlobalSection
	GlobalSection(ProjectConfigurationPlatforms) = postSolution
		{A8FB2AE3-4E05-4C03-9E8E-7CC438C36748}.Debug|x64.ActiveCfg = Debug|x64
		{A8FB2AE3-4E05-4C03-9E8E-7CC438C36748}.Debug|x64.Build.0 = Debug|x64
		{A8FB2AE3-4E05-4C03-9E8E-7CC438C36748}.Debug|x86.ActiveCfg = Debug|Win32
		{A8FB2AE3-4E05-4C03-9E8E-7CC438C36748}.Debug|x86.Build.0 = Debug|Win32
		{A8FB2AE3-4E05-4C03-9E8E-7CC438C36748}.Release|x64.ActiveCfg = Release|x64
		{A8FB2AE3-4E05-4C03-9E8E-7CC438C36748}.Release|x64.Build.0 = Release|x64
		{A8FB2AE3-4E05-4C03-9E8E-7CC438C36748}.Release|x86.ActiveCfg = Release|Win32
		{A8FB2AE3-4E05-4C03-9E8E-7CC438C36748}.Release|x86.Build.0 = Release|Win32
	EndGlobalSection
	GlobalSection(SolutionProperties) = preSolution
		HideSolutionNode = FALSE
	EndGlobalSection
	GlobalSection(ExtensibilityGlobals) = postSolution
		SolutionGuid = {A339267F-A197-4520-BB32-85112C26AB67}
	EndGlobalSection
EndGlobal
